
Microsoft Visual Studio Solution File, Format Version 12.00
# Visual Studio Version 17
VisualStudioVersion = 17.11.35219.272
MinimumVisualStudioVersion = 10.0.40219.1
Project("{9A19103F-16F7-4668-BE54-9A1E7A4F7556}") = "DataAccess", "DataAccessLayer\DataAccess.csproj", "{E010C34C-097F-4B38-BCD9-96366B16BFA8}"
EndProject
Project("{9A19103F-16F7-4668-BE54-9A1E7A4F7556}") = "Business", "Business\Business.csproj", "{738435A0-53BD-4517-9C35-EDDACC4B5049}"
EndProject
Project("{9A19103F-16F7-4668-BE54-9A1E7A4F7556}") = "Entities", "Entities\Entities.csproj", "{B993EBDA-9F39-4EBD-87B0-9D2823059C0E}"
EndProject
Project("{9A19103F-16F7-4668-BE54-9A1E7A4F7556}") = "Core", "Core\Core.csproj", "{AD53F3DA-9B88-449C-BD4B-20841DD7AA29}"
EndProject
Project("{FAE04EC0-301F-11D3-BF4B-00C04F79EFBC}") = "WebAPI", "WebAPI\WebAPI.csproj", "{B46C921F-A077-425A-8629-14626CAA61A1}"
EndProject
Global
	GlobalSection(SolutionConfigurationPlatforms) = preSolution
		Debug|Any CPU = Debug|Any CPU
		Release|Any CPU = Release|Any CPU
	EndGlobalSection
	GlobalSection(ProjectConfigurationPlatforms) = postSolution
		{E010C34C-097F-4B38-BCD9-96366B16BFA8}.Debug|Any CPU.ActiveCfg = Debug|Any CPU
		{E010C34C-097F-4B38-BCD9-96366B16BFA8}.Debug|Any CPU.Build.0 = Debug|Any CPU
		{E010C34C-097F-4B38-BCD9-96366B16BFA8}.Release|Any CPU.ActiveCfg = Release|Any CPU
		{E010C34C-097F-4B38-BCD9-96366B16BFA8}.Release|Any CPU.Build.0 = Release|Any CPU
		{738435A0-53BD-4517-9C35-EDDACC4B5049}.Debug|Any CPU.ActiveCfg = Debug|Any CPU
		{738435A0-53BD-4517-9C35-EDDACC4B5049}.Debug|Any CPU.Build.0 = Debug|Any CPU
		{738435A0-53BD-4517-9C35-EDDACC4B5049}.Release|Any CPU.ActiveCfg = Release|Any CPU
		{738435A0-53BD-4517-9C35-EDDACC4B5049}.Release|Any CPU.Build.0 = Release|Any CPU
		{B993EBDA-9F39-4EBD-87B0-9D2823059C0E}.Debug|Any CPU.ActiveCfg = Debug|Any CPU
		{B993EBDA-9F39-4EBD-87B0-9D2823059C0E}.Debug|Any CPU.Build.0 = Debug|Any CPU
		{B993EBDA-9F39-4EBD-87B0-9D2823059C0E}.Release|Any CPU.ActiveCfg = Release|Any CPU
		{B993EBDA-9F39-4EBD-87B0-9D2823059C0E}.Release|Any CPU.Build.0 = Release|Any CPU
		{AD53F3DA-9B88-449C-BD4B-20841DD7AA29}.Debug|Any CPU.ActiveCfg = Debug|Any CPU
		{AD53F3DA-9B88-449C-BD4B-20841DD7AA29}.Debug|Any CPU.Build.0 = Debug|Any CPU
		{AD53F3DA-9B88-449C-BD4B-20841DD7AA29}.Release|Any CPU.ActiveCfg = Release|Any CPU
		{AD53F3DA-9B88-449C-BD4B-20841DD7AA29}.Release|Any CPU.Build.0 = Release|Any CPU
		{B46C921F-A077-425A-8629-14626CAA61A1}.Debug|Any CPU.ActiveCfg = Debug|Any CPU
		{B46C921F-A077-425A-8629-14626CAA61A1}.Debug|Any CPU.Build.0 = Debug|Any CPU
		{B46C921F-A077-425A-8629-14626CAA61A1}.Release|Any CPU.ActiveCfg = Release|Any CPU
		{B46C921F-A077-425A-8629-14626CAA61A1}.Release|Any CPU.Build.0 = Release|Any CPU
	EndGlobalSection
	GlobalSection(SolutionProperties) = preSolution
		HideSolutionNode = FALSE
	EndGlobalSection
	GlobalSection(ExtensibilityGlobals) = postSolution
		SolutionGuid = {A4212EEA-8FBB-434E-99DC-4BC44EF3FFDF}
	EndGlobalSection
EndGlobal
